// !$*UTF8*$!
{
	archiveVersion = 1;
	classes = {
	};
	objectVersion = 55;
	objects = {

/* Begin PBXBuildFile section */
		634097A629E7D41C00540F06 /* furnitureData.swift in Sources */ = {isa = PBXBuildFile; fileRef = 634097A529E7D41C00540F06 /* furnitureData.swift */; };
		6368FB8029E68D3B00037F07 /* SwiftUIPracticeApp.swift in Sources */ = {isa = PBXBuildFile; fileRef = 6368FB7F29E68D3B00037F07 /* SwiftUIPracticeApp.swift */; };
		6368FB8229E68D3B00037F07 /* ContentView.swift in Sources */ = {isa = PBXBuildFile; fileRef = 6368FB8129E68D3B00037F07 /* ContentView.swift */; };
		6368FB8429E68D3D00037F07 /* Assets.xcassets in Resources */ = {isa = PBXBuildFile; fileRef = 6368FB8329E68D3D00037F07 /* Assets.xcassets */; };
		6368FB8729E68D3D00037F07 /* Preview Assets.xcassets in Resources */ = {isa = PBXBuildFile; fileRef = 6368FB8629E68D3D00037F07 /* Preview Assets.xcassets */; };
		6368FB9429E68ED500037F07 /* reference.rtf in Resources */ = {isa = PBXBuildFile; fileRef = 6368FB9329E68ED500037F07 /* reference.rtf */; };
		6368FB9629E68EF300037F07 /* FurnitureMainView.swift in Sources */ = {isa = PBXBuildFile; fileRef = 6368FB9529E68EF300037F07 /* FurnitureMainView.swift */; };
/* End PBXBuildFile section */

/* Begin PBXFileReference section */
		634097A529E7D41C00540F06 /* furnitureData.swift */ = {isa = PBXFileReference; lastKnownFileType = sourcecode.swift; path = furnitureData.swift; sourceTree = "<group>"; };
		6368FB7C29E68D3B00037F07 /* SwiftUIPractice.app */ = {isa = PBXFileReference; explicitFileType = wrapper.application; includeInIndex = 0; path = SwiftUIPractice.app; sourceTree = BUILT_PRODUCTS_DIR; };
		6368FB7F29E68D3B00037F07 /* SwiftUIPracticeApp.swift */ = {isa = PBXFileReference; lastKnownFileType = sourcecode.swift; path = SwiftUIPracticeApp.swift; sourceTree = "<group>"; };
		6368FB8129E68D3B00037F07 /* ContentView.swift */ = {isa = PBXFileReference; lastKnownFileType = sourcecode.swift; path = ContentView.swift; sourceTree = "<group>"; };
		6368FB8329E68D3D00037F07 /* Assets.xcassets */ = {isa = PBXFileReference; lastKnownFileType = folder.assetcatalog; path = Assets.xcassets; sourceTree = "<group>"; };
		6368FB8629E68D3D00037F07 /* Preview Assets.xcassets */ = {isa = PBXFileReference; lastKnownFileType = folder.assetcatalog; path = "Preview Assets.xcassets"; sourceTree = "<group>"; };
		6368FB9329E68ED500037F07 /* reference.rtf */ = {isa = PBXFileReference; lastKnownFileType = text.rtf; path = reference.rtf; sourceTree = "<group>"; };
		6368FB9529E68EF300037F07 /* FurnitureMainView.swift */ = {isa = PBXFileReference; lastKnownFileType = sourcecode.swift; path = FurnitureMainView.swift; sourceTree = "<group>"; };
/* End PBXFileReference section */

/* Begin PBXFrameworksBuildPhase section */
		6368FB7929E68D3B00037F07 /* Frameworks */ = {
			isa = PBXFrameworksBuildPhase;
			buildActionMask = 2147483647;
			files = (
			);
			runOnlyForDeploymentPostprocessing = 0;
		};
/* End PBXFrameworksBuildPhase section */

/* Begin PBXGroup section */
		634097A429E7D3F800540F06 /* data */ = {
			isa = PBXGroup;
			children = (
				634097A529E7D41C00540F06 /* furnitureData.swift */,
			);
			path = data;
			sourceTree = "<group>";
		};
		6368FB7329E68D3B00037F07 = {
			isa = PBXGroup;
			children = (
				6368FB7E29E68D3B00037F07 /* SwiftUIPractice */,
				6368FB7D29E68D3B00037F07 /* Products */,
			);
			sourceTree = "<group>";
		};
		6368FB7D29E68D3B00037F07 /* Products */ = {
			isa = PBXGroup;
			children = (
				6368FB7C29E68D3B00037F07 /* SwiftUIPractice.app */,
			);
			name = Products;
			sourceTree = "<group>";
		};
		6368FB7E29E68D3B00037F07 /* SwiftUIPractice */ = {
			isa = PBXGroup;
			children = (
				6368FB9229E68EBD00037F07 /* Furniture */,
				6368FB7F29E68D3B00037F07 /* SwiftUIPracticeApp.swift */,
				6368FB8129E68D3B00037F07 /* ContentView.swift */,
				6368FB8329E68D3D00037F07 /* Assets.xcassets */,
				6368FB8529E68D3D00037F07 /* Preview Content */,
			);
			path = SwiftUIPractice;
			sourceTree = "<group>";
		};
		6368FB8529E68D3D00037F07 /* Preview Content */ = {
			isa = PBXGroup;
			children = (
				6368FB8629E68D3D00037F07 /* Preview Assets.xcassets */,
			);
			path = "Preview Content";
			sourceTree = "<group>";
		};
		6368FB9229E68EBD00037F07 /* Furniture */ = {
			isa = PBXGroup;
			children = (
				634097A429E7D3F800540F06 /* data */,
				6368FB9329E68ED500037F07 /* reference.rtf */,
				6368FB9529E68EF300037F07 /* FurnitureMainView.swift */,
			);
			path = Furniture;
			sourceTree = "<group>";
		};
/* End PBXGroup section */

/* Begin PBXNativeTarget section */
		6368FB7B29E68D3B00037F07 /* SwiftUIPractice */ = {
			isa = PBXNativeTarget;
			buildConfigurationList = 6368FB8A29E68D3D00037F07 /* Build configuration list for PBXNativeTarget "SwiftUIPractice" */;
			buildPhases = (
				6368FB7829E68D3B00037F07 /* Sources */,
				6368FB7929E68D3B00037F07 /* Frameworks */,
				6368FB7A29E68D3B00037F07 /* Resources */,
			);
			buildRules = (
			);
			dependencies = (
			);
			name = SwiftUIPractice;
			productName = SwiftUIPractice;
			productReference = 6368FB7C29E68D3B00037F07 /* SwiftUIPractice.app */;
			productType = "com.apple.product-type.application";
		};
/* End PBXNativeTarget section */

/* Begin PBXProject section */
		6368FB7429E68D3B00037F07 /* Project object */ = {
			isa = PBXProject;
			attributes = {
				BuildIndependentTargetsInParallel = 1;
				LastSwiftUpdateCheck = 1320;
				LastUpgradeCheck = 1320;
				TargetAttributes = {
					6368FB7B29E68D3B00037F07 = {
						CreatedOnToolsVersion = 13.2.1;
					};
				};
			};
			buildConfigurationList = 6368FB7729E68D3B00037F07 /* Build configuration list for PBXProject "SwiftUIPractice" */;
			compatibilityVersion = "Xcode 13.0";
			developmentRegion = en;
			hasScannedForEncodings = 0;
			knownRegions = (
				en,
				Base,
			);
			mainGroup = 6368FB7329E68D3B00037F07;
			productRefGroup = 6368FB7D29E68D3B00037F07 /* Products */;
			projectDirPath = "";
			projectRoot = "";
			targets = (
				6368FB7B29E68D3B00037F07 /* SwiftUIPractice */,
			);
		};
/* End PBXProject section */

/* Begin PBXResourcesBuildPhase section */
		6368FB7A29E68D3B00037F07 /* Resources */ = {
			isa = PBXResourcesBuildPhase;
			buildActionMask = 2147483647;
			files = (
				6368FB9429E68ED500037F07 /* reference.rtf in Resources */,
				6368FB8729E68D3D00037F07 /* Preview Assets.xcassets in Resources */,
				6368FB8429E68D3D00037F07 /* Assets.xcassets in Resources */,
			);
			runOnlyForDeploymentPostprocessing = 0;
		};
/* End PBXResourcesBuildPhase section */

/* Begin PBXSourcesBuildPhase section */
		6368FB7829E68D3B00037F07 /* Sources */ = {
			isa = PBXSourcesBuildPhase;
			buildActionMask = 2147483647;
			files = (
				634097A629E7D41C00540F06 /* furnitureData.swift in Sources */,
				6368FB8229E68D3B00037F07 /* ContentView.swift in Sources */,
				6368FB8029E68D3B00037F07 /* SwiftUIPracticeApp.swift in Sources */,
				6368FB9629E68EF300037F07 /* FurnitureMainView.swift in Sources */,
			);
			runOnlyForDeploymentPostprocessing = 0;
		};
/* End PBXSourcesBuildPhase section */

/* Begin XCBuildConfiguration section */
		6368FB8829E68D3D00037F07 /* Debug */ = {
			isa = XCBuildConfiguration;
			buildSettings = {
				ALWAYS_SEARCH_USER_PATHS = NO;
				CLANG_ANALYZER_NONNULL = YES;
				CLANG_ANALYZER_NUMBER_OBJECT_CONVERSION = YES_AGGRESSIVE;
				CLANG_CXX_LANGUAGE_STANDARD = "gnu++17";
				CLANG_CXX_LIBRARY = "libc++";
				CLANG_ENABLE_MODULES = YES;
				CLANG_ENABLE_OBJC_ARC = YES;
				CLANG_ENABLE_OBJC_WEAK = YES;
				CLANG_WARN_BLOCK_CAPTURE_AUTORELEASING = YES;
				CLANG_WARN_BOOL_CONVERSION = YES;
				CLANG_WARN_COMMA = YES;
				CLANG_WARN_CONSTANT_CONVERSION = YES;
				CLANG_WARN_DEPRECATED_OBJC_IMPLEMENTATIONS = YES;
				CLANG_WARN_DIRECT_OBJC_ISA_USAGE = YES_ERROR;
				CLANG_WARN_DOCUMENTATION_COMMENTS = YES;
				CLANG_WARN_EMPTY_BODY = YES;
				CLANG_WARN_ENUM_CONVERSION = YES;
				CLANG_WARN_INFINITE_RECURSION = YES;
				CLANG_WARN_INT_CONVERSION = YES;
				CLANG_WARN_NON_LITERAL_NULL_CONVERSION = YES;
				CLANG_WARN_OBJC_IMPLICIT_RETAIN_SELF = YES;
				CLANG_WARN_OBJC_LITERAL_CONVERSION = YES;
				CLANG_WARN_OBJC_ROOT_CLASS = YES_ERROR;
				CLANG_WARN_QUOTED_INCLUDE_IN_FRAMEWORK_HEADER = YES;
				CLANG_WARN_RANGE_LOOP_ANALYSIS = YES;
				CLANG_WARN_STRICT_PROTOTYPES = YES;
				CLANG_WARN_SUSPICIOUS_MOVE = YES;
				CLANG_WARN_UNGUARDED_AVAILABILITY = YES_AGGRESSIVE;
				CLANG_WARN_UNREACHABLE_CODE = YES;
				CLANG_WARN__DUPLICATE_METHOD_MATCH = YES;
				COPY_PHASE_STRIP = NO;
				DEBUG_INFORMATION_FORMAT = dwarf;
				ENABLE_STRICT_OBJC_MSGSEND = YES;
				ENABLE_TESTABILITY = YES;
				GCC_C_LANGUAGE_STANDARD = gnu11;
				GCC_DYNAMIC_NO_PIC = NO;
				GCC_NO_COMMON_BLOCKS = YES;
				GCC_OPTIMIZATION_LEVEL = 0;
				GCC_PREPROCESSOR_DEFINITIONS = (
					"DEBUG=1",
					"$(inherited)",
				);
				GCC_WARN_64_TO_32_BIT_CONVERSION = YES;
				GCC_WARN_ABOUT_RETURN_TYPE = YES_ERROR;
				GCC_WARN_UNDECLARED_SELECTOR = YES;
				GCC_WARN_UNINITIALIZED_AUTOS = YES_AGGRESSIVE;
				GCC_WARN_UNUSED_FUNCTION = YES;
				GCC_WARN_UNUSED_VARIABLE = YES;
				IPHONEOS_DEPLOYMENT_TARGET = 15.2;
				MTL_ENABLE_DEBUG_INFO = INCLUDE_SOURCE;
				MTL_FAST_MATH = YES;
				ONLY_ACTIVE_ARCH = YES;
				SDKROOT = iphoneos;
				SWIFT_ACTIVE_COMPILATION_CONDITIONS = DEBUG;
				SWIFT_OPTIMIZATION_LEVEL = "-Onone";
			};
			name = Debug;
		};
		6368FB8929E68D3D00037F07 /* Release */ = {
			isa = XCBuildConfiguration;
			buildSettings = {
				ALWAYS_SEARCH_USER_PATHS = NO;
				CLANG_ANALYZER_NONNULL = YES;
				CLANG_ANALYZER_NUMBER_OBJECT_CONVERSION = YES_AGGRESSIVE;
				CLANG_CXX_LANGUAGE_STANDARD = "gnu++17";
				CLANG_CXX_LIBRARY = "libc++";
				CLANG_ENABLE_MODULES = YES;
				CLANG_ENABLE_OBJC_ARC = YES;
				CLANG_ENABLE_OBJC_WEAK = YES;
				CLANG_WARN_BLOCK_CAPTURE_AUTORELEASING = YES;
				CLANG_WARN_BOOL_CONVERSION = YES;
				CLANG_WARN_COMMA = YES;
				CLANG_WARN_CONSTANT_CONVERSION = YES;
				CLANG_WARN_DEPRECATED_OBJC_IMPLEMENTATIONS = YES;
				CLANG_WARN_DIRECT_OBJC_ISA_USAGE = YES_ERROR;
				CLANG_WARN_DOCUMENTATION_COMMENTS = YES;
				CLANG_WARN_EMPTY_BODY = YES;
				CLANG_WARN_ENUM_CONVERSION = YES;
				CLANG_WARN_INFINITE_RECURSION = YES;
				CLANG_WARN_INT_CONVERSION = YES;
				CLANG_WARN_NON_LITERAL_NULL_CONVERSION = YES;
				CLANG_WARN_OBJC_IMPLICIT_RETAIN_SELF = YES;
				CLANG_WARN_OBJC_LITERAL_CONVERSION = YES;
				CLANG_WARN_OBJC_ROOT_CLASS = YES_ERROR;
				CLANG_WARN_QUOTED_INCLUDE_IN_FRAMEWORK_HEADER = YES;
				CLANG_WARN_RANGE_LOOP_ANALYSIS = YES;
				CLANG_WARN_STRICT_PROTOTYPES = YES;
				CLANG_WARN_SUSPICIOUS_MOVE = YES;
				CLANG_WARN_UNGUARDED_AVAILABILITY = YES_AGGRESSIVE;
				CLANG_WARN_UNREACHABLE_CODE = YES;
				CLANG_WARN__DUPLICATE_METHOD_MATCH = YES;
				COPY_PHASE_STRIP = NO;
				DEBUG_INFORMATION_FORMAT = "dwarf-with-dsym";
				ENABLE_NS_ASSERTIONS = NO;
				ENABLE_STRICT_OBJC_MSGSEND = YES;
				GCC_C_LANGUAGE_STANDARD = gnu11;
				GCC_NO_COMMON_BLOCKS = YES;
				GCC_WARN_64_TO_32_BIT_CONVERSION = YES;
				GCC_WARN_ABOUT_RETURN_TYPE = YES_ERROR;
				GCC_WARN_UNDECLARED_SELECTOR = YES;
				GCC_WARN_UNINITIALIZED_AUTOS = YES_AGGRESSIVE;
				GCC_WARN_UNUSED_FUNCTION = YES;
				GCC_WARN_UNUSED_VARIABLE = YES;
				IPHONEOS_DEPLOYMENT_TARGET = 15.2;
				MTL_ENABLE_DEBUG_INFO = NO;
				MTL_FAST_MATH = YES;
				SDKROOT = iphoneos;
				SWIFT_COMPILATION_MODE = wholemodule;
				SWIFT_OPTIMIZATION_LEVEL = "-O";
				VALIDATE_PRODUCT = YES;
			};
			name = Release;
		};
		6368FB8B29E68D3D00037F07 /* Debug */ = {
			isa = XCBuildConfiguration;
			buildSettings = {
				ASSETCATALOG_COMPILER_APPICON_NAME = AppIcon;
				ASSETCATALOG_COMPILER_GLOBAL_ACCENT_COLOR_NAME = AccentColor;
				CODE_SIGN_STYLE = Automatic;
				CURRENT_PROJECT_VERSION = 1;
				DEVELOPMENT_ASSET_PATHS = "\"SwiftUIPractice/Preview Content\"";
				ENABLE_PREVIEWS = YES;
				GENERATE_INFOPLIST_FILE = YES;
				INFOPLIST_KEY_UIApplicationSceneManifest_Generation = YES;
				INFOPLIST_KEY_UIApplicationSupportsIndirectInputEvents = YES;
				INFOPLIST_KEY_UILaunchScreen_Generation = YES;
				INFOPLIST_KEY_UISupportedInterfaceOrientations_iPad = "UIInterfaceOrientationPortrait UIInterfaceOrientationPortraitUpsideDown UIInterfaceOrientationLandscapeLeft UIInterfaceOrientationLandscapeRight";
				INFOPLIST_KEY_UISupportedInterfaceOrientations_iPhone = "UIInterfaceOrientationPortrait UIInterfaceOrientationLandscapeLeft UIInterfaceOrientationLandscapeRight";
				LD_RUNPATH_SEARCH_PATHS = (
					"$(inherited)",
					"@executable_path/Frameworks",
				);
				MARKETING_VERSION = 1.0;
				PRODUCT_BUNDLE_IDENTIFIER = com.rahi.SwiftUIPractice;
				PRODUCT_NAME = "$(TARGET_NAME)";
				SWIFT_EMIT_LOC_STRINGS = YES;
				SWIFT_VERSION = 5.0;
				TARGETED_DEVICE_FAMILY = "1,2";
			};
			name = Debug;
		};
		6368FB8C29E68D3D00037F07 /* Release */ = {
			isa = XCBuildConfiguration;
			buildSettings = {
				ASSETCATALOG_COMPILER_APPICON_NAME = AppIcon;
				ASSETCATALOG_COMPILER_GLOBAL_ACCENT_COLOR_NAME = AccentColor;
				CODE_SIGN_STYLE = Automatic;
				CURRENT_PROJECT_VERSION = 1;
				DEVELOPMENT_ASSET_PATHS = "\"SwiftUIPractice/Preview Content\"";
				ENABLE_PREVIEWS = YES;
				GENERATE_INFOPLIST_FILE = YES;
				INFOPLIST_KEY_UIApplicationSceneManifest_Generation = YES;
				INFOPLIST_KEY_UIApplicationSupportsIndirectInputEvents = YES;
				INFOPLIST_KEY_UILaunchScreen_Generation = YES;
				INFOPLIST_KEY_UISupportedInterfaceOrientations_iPad = "UIInterfaceOrientationPortrait UIInterfaceOrientationPortraitUpsideDown UIInterfaceOrientationLandscapeLeft UIInterfaceOrientationLandscapeRight";
				INFOPLIST_KEY_UISupportedInterfaceOrientations_iPhone = "UIInterfaceOrientationPortrait UIInterfaceOrientationLandscapeLeft UIInterfaceOrientationLandscapeRight";
				LD_RUNPATH_SEARCH_PATHS = (
					"$(inherited)",
					"@executable_path/Frameworks",
				);
				MARKETING_VERSION = 1.0;
				PRODUCT_BUNDLE_IDENTIFIER = com.rahi.SwiftUIPractice;
				PRODUCT_NAME = "$(TARGET_NAME)";
				SWIFT_EMIT_LOC_STRINGS = YES;
				SWIFT_VERSION = 5.0;
				TARGETED_DEVICE_FAMILY = "1,2";
			};
			name = Release;
		};
/* End XCBuildConfiguration section */

/* Begin XCConfigurationList section */
		6368FB7729E68D3B00037F07 /* Build configuration list for PBXProject "SwiftUIPractice" */ = {
			isa = XCConfigurationList;
			buildConfigurations = (
				6368FB8829E68D3D00037F07 /* Debug */,
				6368FB8929E68D3D00037F07 /* Release */,
			);
			defaultConfigurationIsVisible = 0;
			defaultConfigurationName = Release;
		};
		6368FB8A29E68D3D00037F07 /* Build configuration list for PBXNativeTarget "SwiftUIPractice" */ = {
			isa = XCConfigurationList;
			buildConfigurations = (
				6368FB8B29E68D3D00037F07 /* Debug */,
				6368FB8C29E68D3D00037F07 /* Release */,
			);
			defaultConfigurationIsVisible = 0;
			defaultConfigurationName = Release;
		};
/* End XCConfigurationList section */
	};
	rootObject = 6368FB7429E68D3B00037F07 /* Project object */;
}
